
Microsoft Visual Studio Solution File, Format Version 12.00
# Visual Studio 15
VisualStudioVersion = 15.0.27428.2015
MinimumVisualStudioVersion = 10.0.40219.1
Project("{FAE04EC0-301F-11D3-BF4B-00C04F79EFBC}") = "ManShell", "ManShell\ManShell.csproj", "{8B7A9FE8-7E46-45F3-8757-5FE3A917143F}"
EndProject
Project("{FAE04EC0-301F-11D3-BF4B-00C04F79EFBC}") = "MicroStorage", "MicroStorage\MicroStorage.csproj", "{E2A8E091-6F62-4CA9-8391-CFB1053284D7}"
EndProject
Project("{FAE04EC0-301F-11D3-BF4B-00C04F79EFBC}") = "ManShell.BusinessObjects", "ManShell.BusinessObjects\ManShell.BusinessObjects.csproj", "{DB835C4F-366E-44EA-ADFC-EA35DECE1F24}"
EndProject
Project("{FAE04EC0-301F-11D3-BF4B-00C04F79EFBC}") = "DataConverter", "DataConverter\DataConverter.csproj", "{8DAF87DA-1492-4394-B5AF-9C430D0E3F25}"
EndProject
Global
	GlobalSection(SolutionConfigurationPlatforms) = preSolution
		Debug|Any CPU = Debug|Any CPU
		Release|Any CPU = Release|Any CPU
	EndGlobalSection
	GlobalSection(ProjectConfigurationPlatforms) = postSolution
		{8B7A9FE8-7E46-45F3-8757-5FE3A917143F}.Debug|Any CPU.ActiveCfg = Debug|Any CPU
		{8B7A9FE8-7E46-45F3-8757-5FE3A917143F}.Debug|Any CPU.Build.0 = Debug|Any CPU
		{8B7A9FE8-7E46-45F3-8757-5FE3A917143F}.Release|Any CPU.ActiveCfg = Release|Any CPU
		{8B7A9FE8-7E46-45F3-8757-5FE3A917143F}.Release|Any CPU.Build.0 = Release|Any CPU
		{E2A8E091-6F62-4CA9-8391-CFB1053284D7}.Debug|Any CPU.ActiveCfg = Debug|Any CPU
		{E2A8E091-6F62-4CA9-8391-CFB1053284D7}.Debug|Any CPU.Build.0 = Debug|Any CPU
		{E2A8E091-6F62-4CA9-8391-CFB1053284D7}.Release|Any CPU.ActiveCfg = Release|Any CPU
		{E2A8E091-6F62-4CA9-8391-CFB1053284D7}.Release|Any CPU.Build.0 = Release|Any CPU
		{DB835C4F-366E-44EA-ADFC-EA35DECE1F24}.Debug|Any CPU.ActiveCfg = Debug|Any CPU
		{DB835C4F-366E-44EA-ADFC-EA35DECE1F24}.Debug|Any CPU.Build.0 = Debug|Any CPU
		{DB835C4F-366E-44EA-ADFC-EA35DECE1F24}.Release|Any CPU.ActiveCfg = Release|Any CPU
		{DB835C4F-366E-44EA-ADFC-EA35DECE1F24}.Release|Any CPU.Build.0 = Release|Any CPU
		{8DAF87DA-1492-4394-B5AF-9C430D0E3F25}.Debug|Any CPU.ActiveCfg = Debug|Any CPU
		{8DAF87DA-1492-4394-B5AF-9C430D0E3F25}.Debug|Any CPU.Build.0 = Debug|Any CPU
		{8DAF87DA-1492-4394-B5AF-9C430D0E3F25}.Release|Any CPU.ActiveCfg = Release|Any CPU
		{8DAF87DA-1492-4394-B5AF-9C430D0E3F25}.Release|Any CPU.Build.0 = Release|Any CPU
	EndGlobalSection
	GlobalSection(SolutionProperties) = preSolution
		HideSolutionNode = FALSE
	EndGlobalSection
	GlobalSection(ExtensibilityGlobals) = postSolution
		SolutionGuid = {403EB388-7890-40C4-AFB1-3EA967E7E3B9}
	EndGlobalSection
EndGlobal
